
Microsoft Visual Studio Solution File, Format Version 12.00
# Visual Studio Version 16
VisualStudioVersion = 16.0.33027.164
MinimumVisualStudioVersion = 10.0.40219.1
Project("{FAE04EC0-301F-11D3-BF4B-00C04F79EFBC}") = "EVMTransactionsRepeater", "EVMTransactionsRepeater\EVMTransactionsRepeater.csproj", "{9E08437D-90ED-49D9-B87B-6E5ECCFE6EB2}"
EndProject
Global
	GlobalSection(SolutionConfigurationPlatforms) = preSolution
		Debug|Any CPU = Debug|Any CPU
		Release|Any CPU = Release|Any CPU
	EndGlobalSection
	GlobalSection(ProjectConfigurationPlatforms) = postSolution
		{9E08437D-90ED-49D9-B87B-6E5ECCFE6EB2}.Debug|Any CPU.ActiveCfg = Debug|Any CPU
		{9E08437D-90ED-49D9-B87B-6E5ECCFE6EB2}.Debug|Any CPU.Build.0 = Debug|Any CPU
		{9E08437D-90ED-49D9-B87B-6E5ECCFE6EB2}.Release|Any CPU.ActiveCfg = Release|Any CPU
		{9E08437D-90ED-49D9-B87B-6E5ECCFE6EB2}.Release|Any CPU.Build.0 = Release|Any CPU
	EndGlobalSection
	GlobalSection(SolutionProperties) = preSolution
		HideSolutionNode = FALSE
	EndGlobalSection
	GlobalSection(ExtensibilityGlobals) = postSolution
		SolutionGuid = {6F922A5F-4914-4B62-8924-F2425CCD5B1B}
	EndGlobalSection
EndGlobal
